
Microsoft Visual Studio Solution File, Format Version 12.00
# Visual Studio Version 16
VisualStudioVersion = 16.0.30621.155
MinimumVisualStudioVersion = 10.0.40219.1
Project("{8BC9CEB8-8B4A-11D0-8D11-00A0C91BC942}") = "CS-315-Final-Project", "CS-315-Final-Project\CS-315-Final-Project.vcxproj", "{C57A109B-D755-4817-9602-2B9B39D1F690}"
EndProject
Global
	GlobalSection(SolutionConfigurationPlatforms) = preSolution
		Debug|x64 = Debug|x64
		Release|x64 = Release|x64
	EndGlobalSection
	GlobalSection(ProjectConfigurationPlatforms) = postSolution
		{C57A109B-D755-4817-9602-2B9B39D1F690}.Debug|x64.ActiveCfg = Debug|x64
		{C57A109B-D755-4817-9602-2B9B39D1F690}.Debug|x64.Build.0 = Debug|x64
		{C57A109B-D755-4817-9602-2B9B39D1F690}.Release|x64.ActiveCfg = Release|x64
		{C57A109B-D755-4817-9602-2B9B39D1F690}.Release|x64.Build.0 = Release|x64
	EndGlobalSection
	GlobalSection(SolutionProperties) = preSolution
		HideSolutionNode = FALSE
	EndGlobalSection
	GlobalSection(ExtensibilityGlobals) = postSolution
		SolutionGuid = {59373ACF-B83C-46B8-B787-072E4FAFD6AC}
	EndGlobalSection
EndGlobal
